
Microsoft Visual Studio Solution File, Format Version 12.00
# Visual Studio Version 17
VisualStudioVersion = 17.4.33205.214
MinimumVisualStudioVersion = 10.0.40219.1
Project("{9A19103F-16F7-4668-BE54-9A1E7A4F7556}") = "Web_Form_Builder", "Web_Form_Builder\Web_Form_Builder.csproj", "{A33E6CC4-AE93-4C1E-9CA6-4F4980E57110}"
EndProject
Project("{9A19103F-16F7-4668-BE54-9A1E7A4F7556}") = "DataAccessLayer", "DataAccessLayer\DataAccessLayer.csproj", "{C4A6BD06-0460-4DD2-831D-BC3A72C991A4}"
EndProject
Global
	GlobalSection(SolutionConfigurationPlatforms) = preSolution
		Debug|Any CPU = Debug|Any CPU
		Release|Any CPU = Release|Any CPU
	EndGlobalSection
	GlobalSection(ProjectConfigurationPlatforms) = postSolution
		{A33E6CC4-AE93-4C1E-9CA6-4F4980E57110}.Debug|Any CPU.ActiveCfg = Debug|Any CPU
		{A33E6CC4-AE93-4C1E-9CA6-4F4980E57110}.Debug|Any CPU.Build.0 = Debug|Any CPU
		{A33E6CC4-AE93-4C1E-9CA6-4F4980E57110}.Release|Any CPU.ActiveCfg = Release|Any CPU
		{A33E6CC4-AE93-4C1E-9CA6-4F4980E57110}.Release|Any CPU.Build.0 = Release|Any CPU
		{C4A6BD06-0460-4DD2-831D-BC3A72C991A4}.Debug|Any CPU.ActiveCfg = Debug|Any CPU
		{C4A6BD06-0460-4DD2-831D-BC3A72C991A4}.Debug|Any CPU.Build.0 = Debug|Any CPU
		{C4A6BD06-0460-4DD2-831D-BC3A72C991A4}.Release|Any CPU.ActiveCfg = Release|Any CPU
		{C4A6BD06-0460-4DD2-831D-BC3A72C991A4}.Release|Any CPU.Build.0 = Release|Any CPU
	EndGlobalSection
	GlobalSection(SolutionProperties) = preSolution
		HideSolutionNode = FALSE
	EndGlobalSection
	GlobalSection(ExtensibilityGlobals) = postSolution
		SolutionGuid = {72275AB7-C152-4577-BEC2-D06C953A6F38}
	EndGlobalSection
EndGlobal
